
Microsoft Visual Studio Solution File, Format Version 12.00
# Visual Studio Version 17
VisualStudioVersion = 17.11.35312.102
MinimumVisualStudioVersion = 10.0.40219.1
Project("{FAE04EC0-301F-11D3-BF4B-00C04F79EFBC}") = "HPSpells.Worker", "HPSpells.Worker\HPSpells.Worker.csproj", "{585D6550-D2EE-4A1B-BED4-BA9DCE7F5806}"
EndProject
Project("{FAE04EC0-301F-11D3-BF4B-00C04F79EFBC}") = "HPSpells.Worker.Domain", "HPSpells.Worker.Domain\HPSpells.Worker.Domain.csproj", "{E0136682-A09E-470D-8357-AB002E1F331F}"
EndProject
Project("{FAE04EC0-301F-11D3-BF4B-00C04F79EFBC}") = "HPSpells.Worker.Infrastructure", "HPSpells.Worker.Infrastructure\HPSpells.Worker.Infrastructure.csproj", "{0A7CF047-42CA-47F7-AB42-8E7A83A144FF}"
EndProject
Project("{FAE04EC0-301F-11D3-BF4B-00C04F79EFBC}") = "HPSpells.Worker.Business", "HPSpells.Worker.Business\HPSpells.Worker.Business.csproj", "{FD013CD1-E4CC-4952-83C1-019ACBEF5C72}"
EndProject
Global
	GlobalSection(SolutionConfigurationPlatforms) = preSolution
		Debug|Any CPU = Debug|Any CPU
		Release|Any CPU = Release|Any CPU
	EndGlobalSection
	GlobalSection(ProjectConfigurationPlatforms) = postSolution
		{585D6550-D2EE-4A1B-BED4-BA9DCE7F5806}.Debug|Any CPU.ActiveCfg = Debug|Any CPU
		{585D6550-D2EE-4A1B-BED4-BA9DCE7F5806}.Debug|Any CPU.Build.0 = Debug|Any CPU
		{585D6550-D2EE-4A1B-BED4-BA9DCE7F5806}.Release|Any CPU.ActiveCfg = Release|Any CPU
		{585D6550-D2EE-4A1B-BED4-BA9DCE7F5806}.Release|Any CPU.Build.0 = Release|Any CPU
		{E0136682-A09E-470D-8357-AB002E1F331F}.Debug|Any CPU.ActiveCfg = Debug|Any CPU
		{E0136682-A09E-470D-8357-AB002E1F331F}.Debug|Any CPU.Build.0 = Debug|Any CPU
		{E0136682-A09E-470D-8357-AB002E1F331F}.Release|Any CPU.ActiveCfg = Release|Any CPU
		{E0136682-A09E-470D-8357-AB002E1F331F}.Release|Any CPU.Build.0 = Release|Any CPU
		{0A7CF047-42CA-47F7-AB42-8E7A83A144FF}.Debug|Any CPU.ActiveCfg = Debug|Any CPU
		{0A7CF047-42CA-47F7-AB42-8E7A83A144FF}.Debug|Any CPU.Build.0 = Debug|Any CPU
		{0A7CF047-42CA-47F7-AB42-8E7A83A144FF}.Release|Any CPU.ActiveCfg = Release|Any CPU
		{0A7CF047-42CA-47F7-AB42-8E7A83A144FF}.Release|Any CPU.Build.0 = Release|Any CPU
		{FD013CD1-E4CC-4952-83C1-019ACBEF5C72}.Debug|Any CPU.ActiveCfg = Debug|Any CPU
		{FD013CD1-E4CC-4952-83C1-019ACBEF5C72}.Debug|Any CPU.Build.0 = Debug|Any CPU
		{FD013CD1-E4CC-4952-83C1-019ACBEF5C72}.Release|Any CPU.ActiveCfg = Release|Any CPU
		{FD013CD1-E4CC-4952-83C1-019ACBEF5C72}.Release|Any CPU.Build.0 = Release|Any CPU
	EndGlobalSection
	GlobalSection(SolutionProperties) = preSolution
		HideSolutionNode = FALSE
	EndGlobalSection
	GlobalSection(ExtensibilityGlobals) = postSolution
		SolutionGuid = {256CDEDE-D696-4E4C-96AB-1B86112CF6D1}
	EndGlobalSection
EndGlobal
